
Microsoft Visual Studio Solution File, Format Version 12.00
# Visual Studio Version 17
VisualStudioVersion = 17.4.33122.133
MinimumVisualStudioVersion = 10.0.40219.1
Project("{FAE04EC0-301F-11D3-BF4B-00C04F79EFBC}") = "XamarinFormsAndroid.Android", "XamarinFormsAndroid.Android\XamarinFormsAndroid.Android.csproj", "{D3ED4678-6F8A-4D12-AB38-C8F9A8A520A5}"
EndProject
Project("{FAE04EC0-301F-11D3-BF4B-00C04F79EFBC}") = "XamarinFormsAndroid", "XamarinFormsAndroid\XamarinFormsAndroid.csproj", "{0C5B38B6-A6B4-49CD-8EC0-C934B25524F8}"
EndProject
Global
	GlobalSection(SolutionConfigurationPlatforms) = preSolution
		Debug|Any CPU = Debug|Any CPU
		Release|Any CPU = Release|Any CPU
	EndGlobalSection
	GlobalSection(ProjectConfigurationPlatforms) = postSolution
		{D3ED4678-6F8A-4D12-AB38-C8F9A8A520A5}.Debug|Any CPU.ActiveCfg = Debug|Any CPU
		{D3ED4678-6F8A-4D12-AB38-C8F9A8A520A5}.Debug|Any CPU.Build.0 = Debug|Any CPU
		{D3ED4678-6F8A-4D12-AB38-C8F9A8A520A5}.Debug|Any CPU.Deploy.0 = Debug|Any CPU
		{D3ED4678-6F8A-4D12-AB38-C8F9A8A520A5}.Release|Any CPU.ActiveCfg = Release|Any CPU
		{D3ED4678-6F8A-4D12-AB38-C8F9A8A520A5}.Release|Any CPU.Build.0 = Release|Any CPU
		{D3ED4678-6F8A-4D12-AB38-C8F9A8A520A5}.Release|Any CPU.Deploy.0 = Release|Any CPU
		{0C5B38B6-A6B4-49CD-8EC0-C934B25524F8}.Debug|Any CPU.ActiveCfg = Debug|Any CPU
		{0C5B38B6-A6B4-49CD-8EC0-C934B25524F8}.Debug|Any CPU.Build.0 = Debug|Any CPU
		{0C5B38B6-A6B4-49CD-8EC0-C934B25524F8}.Release|Any CPU.ActiveCfg = Release|Any CPU
		{0C5B38B6-A6B4-49CD-8EC0-C934B25524F8}.Release|Any CPU.Build.0 = Release|Any CPU
	EndGlobalSection
	GlobalSection(SolutionProperties) = preSolution
		HideSolutionNode = FALSE
	EndGlobalSection
	GlobalSection(ExtensibilityGlobals) = postSolution
		SolutionGuid = {C4E4AAD8-696B-4394-A635-65944CE84CE1}
	EndGlobalSection
EndGlobal
